
Microsoft Visual Studio Solution File, Format Version 12.00
# Visual Studio Version 17
VisualStudioVersion = 17.3.32922.545
MinimumVisualStudioVersion = 10.0.40219.1
Project("{FAE04EC0-301F-11D3-BF4B-00C04F79EFBC}") = "ExperimentWithControls", "ExperimentWithControls.csproj", "{8E6B9DB8-4C9F-4DE5-B4F5-A6BFA4831948}"
EndProject
Global
	GlobalSection(SolutionConfigurationPlatforms) = preSolution
		Debug|Any CPU = Debug|Any CPU
		Release|Any CPU = Release|Any CPU
	EndGlobalSection
	GlobalSection(ProjectConfigurationPlatforms) = postSolution
		{8E6B9DB8-4C9F-4DE5-B4F5-A6BFA4831948}.Debug|Any CPU.ActiveCfg = Debug|Any CPU
		{8E6B9DB8-4C9F-4DE5-B4F5-A6BFA4831948}.Debug|Any CPU.Build.0 = Debug|Any CPU
		{8E6B9DB8-4C9F-4DE5-B4F5-A6BFA4831948}.Release|Any CPU.ActiveCfg = Release|Any CPU
		{8E6B9DB8-4C9F-4DE5-B4F5-A6BFA4831948}.Release|Any CPU.Build.0 = Release|Any CPU
	EndGlobalSection
	GlobalSection(SolutionProperties) = preSolution
		HideSolutionNode = FALSE
	EndGlobalSection
	GlobalSection(ExtensibilityGlobals) = postSolution
		SolutionGuid = {58760961-35F3-416B-8C67-CE2A41B6B431}
	EndGlobalSection
EndGlobal
